
Microsoft Visual Studio Solution File, Format Version 12.00
# Visual Studio 14
VisualStudioVersion = 14.0.25420.1
MinimumVisualStudioVersion = 10.0.40219.1
Project("{FAE04EC0-301F-11D3-BF4B-00C04F79EFBC}") = "CatraSports.Web", "CatraSports.Web\CatraSports.Web.csproj", "{E2946CF5-9686-4AC0-8990-34FCDB4EDCF8}"
EndProject
Project("{FAE04EC0-301F-11D3-BF4B-00C04F79EFBC}") = "CatraSports.WebAdmin", "CatraSports.WebAdmin\CatraSports.WebAdmin.csproj", "{9C6F07C0-AF41-4171-B700-0A207E759BF6}"
EndProject
Project("{FAE04EC0-301F-11D3-BF4B-00C04F79EFBC}") = "CatraSports.Win", "CatraSports.Win\CatraSports.Win.csproj", "{7B132D79-D8DB-47C0-90EB-8A24D7A7D2CA}"
EndProject
Project("{FAE04EC0-301F-11D3-BF4B-00C04F79EFBC}") = "CatraSports.BL", "CatraSports.BL\CatraSports.BL.csproj", "{9767BDF5-653D-434D-8F18-4BDE588AB053}"
EndProject
Global
	GlobalSection(SolutionConfigurationPlatforms) = preSolution
		Debug|Any CPU = Debug|Any CPU
		Release|Any CPU = Release|Any CPU
	EndGlobalSection
	GlobalSection(ProjectConfigurationPlatforms) = postSolution
		{E2946CF5-9686-4AC0-8990-34FCDB4EDCF8}.Debug|Any CPU.ActiveCfg = Debug|Any CPU
		{E2946CF5-9686-4AC0-8990-34FCDB4EDCF8}.Debug|Any CPU.Build.0 = Debug|Any CPU
		{E2946CF5-9686-4AC0-8990-34FCDB4EDCF8}.Release|Any CPU.ActiveCfg = Release|Any CPU
		{E2946CF5-9686-4AC0-8990-34FCDB4EDCF8}.Release|Any CPU.Build.0 = Release|Any CPU
		{9C6F07C0-AF41-4171-B700-0A207E759BF6}.Debug|Any CPU.ActiveCfg = Debug|Any CPU
		{9C6F07C0-AF41-4171-B700-0A207E759BF6}.Debug|Any CPU.Build.0 = Debug|Any CPU
		{9C6F07C0-AF41-4171-B700-0A207E759BF6}.Release|Any CPU.ActiveCfg = Release|Any CPU
		{9C6F07C0-AF41-4171-B700-0A207E759BF6}.Release|Any CPU.Build.0 = Release|Any CPU
		{7B132D79-D8DB-47C0-90EB-8A24D7A7D2CA}.Debug|Any CPU.ActiveCfg = Debug|Any CPU
		{7B132D79-D8DB-47C0-90EB-8A24D7A7D2CA}.Debug|Any CPU.Build.0 = Debug|Any CPU
		{7B132D79-D8DB-47C0-90EB-8A24D7A7D2CA}.Release|Any CPU.ActiveCfg = Release|Any CPU
		{7B132D79-D8DB-47C0-90EB-8A24D7A7D2CA}.Release|Any CPU.Build.0 = Release|Any CPU
		{9767BDF5-653D-434D-8F18-4BDE588AB053}.Debug|Any CPU.ActiveCfg = Debug|Any CPU
		{9767BDF5-653D-434D-8F18-4BDE588AB053}.Debug|Any CPU.Build.0 = Debug|Any CPU
		{9767BDF5-653D-434D-8F18-4BDE588AB053}.Release|Any CPU.ActiveCfg = Release|Any CPU
		{9767BDF5-653D-434D-8F18-4BDE588AB053}.Release|Any CPU.Build.0 = Release|Any CPU
	EndGlobalSection
	GlobalSection(SolutionProperties) = preSolution
		HideSolutionNode = FALSE
	EndGlobalSection
EndGlobal
