
Microsoft Visual Studio Solution File, Format Version 12.00
# Visual Studio 14
VisualStudioVersion = 14.0.25420.1
MinimumVisualStudioVersion = 10.0.40219.1
Project("{FAE04EC0-301F-11D3-BF4B-00C04F79EFBC}") = "CatraSport.Web", "CatraSport.Web\CatraSport.Web.csproj", "{F4246E0F-7D7D-44F1-9034-FABD4B9278DA}"
EndProject
Project("{FAE04EC0-301F-11D3-BF4B-00C04F79EFBC}") = "CatraSport.WebAdmin", "CatraSport.WebAdmin\CatraSport.WebAdmin.csproj", "{F59E306B-C7CF-4DD0-BD01-0DD6482BCA8C}"
EndProject
Project("{FAE04EC0-301F-11D3-BF4B-00C04F79EFBC}") = "CatraSport.Win", "CatraSport.Win\CatraSport.Win.csproj", "{95925FAB-AA32-4DDB-85EA-3A836C952CBA}"
EndProject
Project("{FAE04EC0-301F-11D3-BF4B-00C04F79EFBC}") = "CatraSport.BL", "CatraSport.BL\CatraSport.BL.csproj", "{79CB13F4-153E-4C29-9275-74B51035AA30}"
EndProject
Global
	GlobalSection(SolutionConfigurationPlatforms) = preSolution
		Debug|Any CPU = Debug|Any CPU
		Release|Any CPU = Release|Any CPU
	EndGlobalSection
	GlobalSection(ProjectConfigurationPlatforms) = postSolution
		{F4246E0F-7D7D-44F1-9034-FABD4B9278DA}.Debug|Any CPU.ActiveCfg = Debug|Any CPU
		{F4246E0F-7D7D-44F1-9034-FABD4B9278DA}.Debug|Any CPU.Build.0 = Debug|Any CPU
		{F4246E0F-7D7D-44F1-9034-FABD4B9278DA}.Release|Any CPU.ActiveCfg = Release|Any CPU
		{F4246E0F-7D7D-44F1-9034-FABD4B9278DA}.Release|Any CPU.Build.0 = Release|Any CPU
		{F59E306B-C7CF-4DD0-BD01-0DD6482BCA8C}.Debug|Any CPU.ActiveCfg = Debug|Any CPU
		{F59E306B-C7CF-4DD0-BD01-0DD6482BCA8C}.Debug|Any CPU.Build.0 = Debug|Any CPU
		{F59E306B-C7CF-4DD0-BD01-0DD6482BCA8C}.Release|Any CPU.ActiveCfg = Release|Any CPU
		{F59E306B-C7CF-4DD0-BD01-0DD6482BCA8C}.Release|Any CPU.Build.0 = Release|Any CPU
		{95925FAB-AA32-4DDB-85EA-3A836C952CBA}.Debug|Any CPU.ActiveCfg = Debug|Any CPU
		{95925FAB-AA32-4DDB-85EA-3A836C952CBA}.Debug|Any CPU.Build.0 = Debug|Any CPU
		{95925FAB-AA32-4DDB-85EA-3A836C952CBA}.Release|Any CPU.ActiveCfg = Release|Any CPU
		{95925FAB-AA32-4DDB-85EA-3A836C952CBA}.Release|Any CPU.Build.0 = Release|Any CPU
		{79CB13F4-153E-4C29-9275-74B51035AA30}.Debug|Any CPU.ActiveCfg = Debug|Any CPU
		{79CB13F4-153E-4C29-9275-74B51035AA30}.Debug|Any CPU.Build.0 = Debug|Any CPU
		{79CB13F4-153E-4C29-9275-74B51035AA30}.Release|Any CPU.ActiveCfg = Release|Any CPU
		{79CB13F4-153E-4C29-9275-74B51035AA30}.Release|Any CPU.Build.0 = Release|Any CPU
	EndGlobalSection
	GlobalSection(SolutionProperties) = preSolution
		HideSolutionNode = FALSE
	EndGlobalSection
EndGlobal
